// !$*UTF8*$!
{
	archiveVersion = 1;
	classes = {
	};
	objectVersion = 56;
	objects = {

/* Begin PBXBuildFile section */
		B604B4812DEBA650002716B7 /* TodoItemView.swift in Sources */ = {isa = PBXBuildFile; fileRef = B604B4802DEBA650002716B7 /* TodoItemView.swift */; };
		B604B4842DECE62D002716B7 /* EditItemView.swift in Sources */ = {isa = PBXBuildFile; fileRef = B604B4832DECE62D002716B7 /* EditItemView.swift */; };
		B66356252CB1CC79004A2694 /* Todo_ListApp.swift in Sources */ = {isa = PBXBuildFile; fileRef = B66356242CB1CC79004A2694 /* Todo_ListApp.swift */; };
		B66356272CB1CC79004A2694 /* TodoListView.swift in Sources */ = {isa = PBXBuildFile; fileRef = B66356262CB1CC79004A2694 /* TodoListView.swift */; };
		B66356292CB1CC7B004A2694 /* Assets.xcassets in Resources */ = {isa = PBXBuildFile; fileRef = B66356282CB1CC7B004A2694 /* Assets.xcassets */; };
		B663562C2CB1CC7B004A2694 /* Preview Assets.xcassets in Resources */ = {isa = PBXBuildFile; fileRef = B663562B2CB1CC7B004A2694 /* Preview Assets.xcassets */; };
		B66356362CB1CEBE004A2694 /* ListRowView.swift in Sources */ = {isa = PBXBuildFile; fileRef = B66356352CB1CEBE004A2694 /* ListRowView.swift */; };
		B66356382CB1D468004A2694 /* AddItemView.swift in Sources */ = {isa = PBXBuildFile; fileRef = B66356372CB1D468004A2694 /* AddItemView.swift */; };
		B663563A2CB1DE48004A2694 /* TaskModel.swift in Sources */ = {isa = PBXBuildFile; fileRef = B66356392CB1DE48004A2694 /* TaskModel.swift */; };
		B663563C2CB1EF50004A2694 /* TaskViewModel.swift in Sources */ = {isa = PBXBuildFile; fileRef = B663563B2CB1EF50004A2694 /* TaskViewModel.swift */; };
		B663563E2CB2EEA7004A2694 /* NoToDoItemsView.swift in Sources */ = {isa = PBXBuildFile; fileRef = B663563D2CB2EEA7004A2694 /* NoToDoItemsView.swift */; };
		B66356432CB385DA004A2694 /* TaskList.swift in Sources */ = {isa = PBXBuildFile; fileRef = B66356422CB385DA004A2694 /* TaskList.swift */; };
		B692B5D12CBC5B2E003230FB /* Launch Screen.storyboard in Resources */ = {isa = PBXBuildFile; fileRef = B692B5D02CBC5B2E003230FB /* Launch Screen.storyboard */; };
/* End PBXBuildFile section */

/* Begin PBXFileReference section */
		B604B4802DEBA650002716B7 /* TodoItemView.swift */ = {isa = PBXFileReference; lastKnownFileType = sourcecode.swift; path = TodoItemView.swift; sourceTree = "<group>"; };
		B604B4832DECE62D002716B7 /* EditItemView.swift */ = {isa = PBXFileReference; lastKnownFileType = sourcecode.swift; path = EditItemView.swift; sourceTree = "<group>"; };
		B66356212CB1CC79004A2694 /* Todo List.app */ = {isa = PBXFileReference; explicitFileType = wrapper.application; includeInIndex = 0; path = "Todo List.app"; sourceTree = BUILT_PRODUCTS_DIR; };
		B66356242CB1CC79004A2694 /* Todo_ListApp.swift */ = {isa = PBXFileReference; lastKnownFileType = sourcecode.swift; path = Todo_ListApp.swift; sourceTree = "<group>"; };
		B66356262CB1CC79004A2694 /* TodoListView.swift */ = {isa = PBXFileReference; lastKnownFileType = sourcecode.swift; path = TodoListView.swift; sourceTree = "<group>"; };
		B66356282CB1CC7B004A2694 /* Assets.xcassets */ = {isa = PBXFileReference; lastKnownFileType = folder.assetcatalog; path = Assets.xcassets; sourceTree = "<group>"; };
		B663562B2CB1CC7B004A2694 /* Preview Assets.xcassets */ = {isa = PBXFileReference; lastKnownFileType = folder.assetcatalog; path = "Preview Assets.xcassets"; sourceTree = "<group>"; };
		B66356352CB1CEBE004A2694 /* ListRowView.swift */ = {isa = PBXFileReference; lastKnownFileType = sourcecode.swift; path = ListRowView.swift; sourceTree = "<group>"; };
		B66356372CB1D468004A2694 /* AddItemView.swift */ = {isa = PBXFileReference; lastKnownFileType = sourcecode.swift; path = AddItemView.swift; sourceTree = "<group>"; };
		B66356392CB1DE48004A2694 /* TaskModel.swift */ = {isa = PBXFileReference; lastKnownFileType = sourcecode.swift; path = TaskModel.swift; sourceTree = "<group>"; };
		B663563B2CB1EF50004A2694 /* TaskViewModel.swift */ = {isa = PBXFileReference; lastKnownFileType = sourcecode.swift; path = TaskViewModel.swift; sourceTree = "<group>"; };
		B663563D2CB2EEA7004A2694 /* NoToDoItemsView.swift */ = {isa = PBXFileReference; lastKnownFileType = sourcecode.swift; path = NoToDoItemsView.swift; sourceTree = "<group>"; };
		B66356422CB385DA004A2694 /* TaskList.swift */ = {isa = PBXFileReference; lastKnownFileType = sourcecode.swift; path = TaskList.swift; sourceTree = "<group>"; };
		B692B5D02CBC5B2E003230FB /* Launch Screen.storyboard */ = {isa = PBXFileReference; lastKnownFileType = file.storyboard; path = "Launch Screen.storyboard"; sourceTree = "<group>"; };
/* End PBXFileReference section */

/* Begin PBXFrameworksBuildPhase section */
		B663561E2CB1CC79004A2694 /* Frameworks */ = {
			isa = PBXFrameworksBuildPhase;
			buildActionMask = 2147483647;
			files = (
			);
			runOnlyForDeploymentPostprocessing = 0;
		};
/* End PBXFrameworksBuildPhase section */

/* Begin PBXGroup section */
		B66356182CB1CC79004A2694 = {
			isa = PBXGroup;
			children = (
				B66356232CB1CC79004A2694 /* Todo List */,
				B66356222CB1CC79004A2694 /* Products */,
			);
			sourceTree = "<group>";
		};
		B66356222CB1CC79004A2694 /* Products */ = {
			isa = PBXGroup;
			children = (
				B66356212CB1CC79004A2694 /* Todo List.app */,
			);
			name = Products;
			sourceTree = "<group>";
		};
		B66356232CB1CC79004A2694 /* Todo List */ = {
			isa = PBXGroup;
			children = (
				B66356322CB1CC8E004A2694 /* Models */,
				B66356332CB1CC99004A2694 /* Views */,
				B66356342CB1CCA2004A2694 /* View Models */,
				B66356242CB1CC79004A2694 /* Todo_ListApp.swift */,
				B692B5D02CBC5B2E003230FB /* Launch Screen.storyboard */,
				B66356282CB1CC7B004A2694 /* Assets.xcassets */,
				B663562A2CB1CC7B004A2694 /* Preview Content */,
			);
			path = "Todo List";
			sourceTree = "<group>";
		};
		B663562A2CB1CC7B004A2694 /* Preview Content */ = {
			isa = PBXGroup;
			children = (
				B663562B2CB1CC7B004A2694 /* Preview Assets.xcassets */,
			);
			path = "Preview Content";
			sourceTree = "<group>";
		};
		B66356322CB1CC8E004A2694 /* Models */ = {
			isa = PBXGroup;
			children = (
				B66356392CB1DE48004A2694 /* TaskModel.swift */,
			);
			path = Models;
			sourceTree = "<group>";
		};
		B66356332CB1CC99004A2694 /* Views */ = {
			isa = PBXGroup;
			children = (
				B66356262CB1CC79004A2694 /* TodoListView.swift */,
				B66356422CB385DA004A2694 /* TaskList.swift */,
				B66356352CB1CEBE004A2694 /* ListRowView.swift */,
				B663563D2CB2EEA7004A2694 /* NoToDoItemsView.swift */,
				B66356372CB1D468004A2694 /* AddItemView.swift */,
				B604B4802DEBA650002716B7 /* TodoItemView.swift */,
				B604B4832DECE62D002716B7 /* EditItemView.swift */,
			);
			path = Views;
			sourceTree = "<group>";
		};
		B66356342CB1CCA2004A2694 /* View Models */ = {
			isa = PBXGroup;
			children = (
				B663563B2CB1EF50004A2694 /* TaskViewModel.swift */,
			);
			path = "View Models";
			sourceTree = "<group>";
		};
/* End PBXGroup section */

/* Begin PBXNativeTarget section */
		B66356202CB1CC79004A2694 /* Todo List */ = {
			isa = PBXNativeTarget;
			buildConfigurationList = B663562F2CB1CC7B004A2694 /* Build configuration list for PBXNativeTarget "Todo List" */;
			buildPhases = (
				B663561D2CB1CC79004A2694 /* Sources */,
				B663561E2CB1CC79004A2694 /* Frameworks */,
				B663561F2CB1CC79004A2694 /* Resources */,
			);
			buildRules = (
			);
			dependencies = (
			);
			name = "Todo List";
			productName = "Todo List";
			productReference = B66356212CB1CC79004A2694 /* Todo List.app */;
			productType = "com.apple.product-type.application";
		};
/* End PBXNativeTarget section */

/* Begin PBXProject section */
		B66356192CB1CC79004A2694 /* Project object */ = {
			isa = PBXProject;
			attributes = {
				BuildIndependentTargetsInParallel = 1;
				LastSwiftUpdateCheck = 1520;
				LastUpgradeCheck = 1520;
				TargetAttributes = {
					B66356202CB1CC79004A2694 = {
						CreatedOnToolsVersion = 15.2;
					};
				};
			};
			buildConfigurationList = B663561C2CB1CC79004A2694 /* Build configuration list for PBXProject "Todo List" */;
			compatibilityVersion = "Xcode 14.0";
			developmentRegion = en;
			hasScannedForEncodings = 0;
			knownRegions = (
				en,
				Base,
			);
			mainGroup = B66356182CB1CC79004A2694;
			productRefGroup = B66356222CB1CC79004A2694 /* Products */;
			projectDirPath = "";
			projectRoot = "";
			targets = (
				B66356202CB1CC79004A2694 /* Todo List */,
			);
		};
/* End PBXProject section */

/* Begin PBXResourcesBuildPhase section */
		B663561F2CB1CC79004A2694 /* Resources */ = {
			isa = PBXResourcesBuildPhase;
			buildActionMask = 2147483647;
			files = (
				B692B5D12CBC5B2E003230FB /* Launch Screen.storyboard in Resources */,
				B663562C2CB1CC7B004A2694 /* Preview Assets.xcassets in Resources */,
				B66356292CB1CC7B004A2694 /* Assets.xcassets in Resources */,
			);
			runOnlyForDeploymentPostprocessing = 0;
		};
/* End PBXResourcesBuildPhase section */

/* Begin PBXSourcesBuildPhase section */
		B663561D2CB1CC79004A2694 /* Sources */ = {
			isa = PBXSourcesBuildPhase;
			buildActionMask = 2147483647;
			files = (
				B66356382CB1D468004A2694 /* AddItemView.swift in Sources */,
				B663563C2CB1EF50004A2694 /* TaskViewModel.swift in Sources */,
				B66356432CB385DA004A2694 /* TaskList.swift in Sources */,
				B66356272CB1CC79004A2694 /* TodoListView.swift in Sources */,
				B663563A2CB1DE48004A2694 /* TaskModel.swift in Sources */,
				B604B4812DEBA650002716B7 /* TodoItemView.swift in Sources */,
				B663563E2CB2EEA7004A2694 /* NoToDoItemsView.swift in Sources */,
				B604B4842DECE62D002716B7 /* EditItemView.swift in Sources */,
				B66356252CB1CC79004A2694 /* Todo_ListApp.swift in Sources */,
				B66356362CB1CEBE004A2694 /* ListRowView.swift in Sources */,
			);
			runOnlyForDeploymentPostprocessing = 0;
		};
/* End PBXSourcesBuildPhase section */

/* Begin XCBuildConfiguration section */
		B663562D2CB1CC7B004A2694 /* Debug */ = {
			isa = XCBuildConfiguration;
			buildSettings = {
				ALWAYS_SEARCH_USER_PATHS = NO;
				ASSETCATALOG_COMPILER_GENERATE_SWIFT_ASSET_SYMBOL_EXTENSIONS = YES;
				CLANG_ANALYZER_NONNULL = YES;
				CLANG_ANALYZER_NUMBER_OBJECT_CONVERSION = YES_AGGRESSIVE;
				CLANG_CXX_LANGUAGE_STANDARD = "gnu++20";
				CLANG_ENABLE_MODULES = YES;
				CLANG_ENABLE_OBJC_ARC = YES;
				CLANG_ENABLE_OBJC_WEAK = YES;
				CLANG_WARN_BLOCK_CAPTURE_AUTORELEASING = YES;
				CLANG_WARN_BOOL_CONVERSION = YES;
				CLANG_WARN_COMMA = YES;
				CLANG_WARN_CONSTANT_CONVERSION = YES;
				CLANG_WARN_DEPRECATED_OBJC_IMPLEMENTATIONS = YES;
				CLANG_WARN_DIRECT_OBJC_ISA_USAGE = YES_ERROR;
				CLANG_WARN_DOCUMENTATION_COMMENTS = YES;
				CLANG_WARN_EMPTY_BODY = YES;
				CLANG_WARN_ENUM_CONVERSION = YES;
				CLANG_WARN_INFINITE_RECURSION = YES;
				CLANG_WARN_INT_CONVERSION = YES;
				CLANG_WARN_NON_LITERAL_NULL_CONVERSION = YES;
				CLANG_WARN_OBJC_IMPLICIT_RETAIN_SELF = YES;
				CLANG_WARN_OBJC_LITERAL_CONVERSION = YES;
				CLANG_WARN_OBJC_ROOT_CLASS = YES_ERROR;
				CLANG_WARN_QUOTED_INCLUDE_IN_FRAMEWORK_HEADER = YES;
				CLANG_WARN_RANGE_LOOP_ANALYSIS = YES;
				CLANG_WARN_STRICT_PROTOTYPES = YES;
				CLANG_WARN_SUSPICIOUS_MOVE = YES;
				CLANG_WARN_UNGUARDED_AVAILABILITY = YES_AGGRESSIVE;
				CLANG_WARN_UNREACHABLE_CODE = YES;
				CLANG_WARN__DUPLICATE_METHOD_MATCH = YES;
				COPY_PHASE_STRIP = NO;
				DEBUG_INFORMATION_FORMAT = dwarf;
				ENABLE_STRICT_OBJC_MSGSEND = YES;
				ENABLE_TESTABILITY = YES;
				ENABLE_USER_SCRIPT_SANDBOXING = YES;
				GCC_C_LANGUAGE_STANDARD = gnu17;
				GCC_DYNAMIC_NO_PIC = NO;
				GCC_NO_COMMON_BLOCKS = YES;
				GCC_OPTIMIZATION_LEVEL = 0;
				GCC_PREPROCESSOR_DEFINITIONS = (
					"DEBUG=1",
					"$(inherited)",
				);
				GCC_WARN_64_TO_32_BIT_CONVERSION = YES;
				GCC_WARN_ABOUT_RETURN_TYPE = YES_ERROR;
				GCC_WARN_UNDECLARED_SELECTOR = YES;
				GCC_WARN_UNINITIALIZED_AUTOS = YES_AGGRESSIVE;
				GCC_WARN_UNUSED_FUNCTION = YES;
				GCC_WARN_UNUSED_VARIABLE = YES;
				IPHONEOS_DEPLOYMENT_TARGET = 17.2;
				LOCALIZATION_PREFERS_STRING_CATALOGS = YES;
				MTL_ENABLE_DEBUG_INFO = INCLUDE_SOURCE;
				MTL_FAST_MATH = YES;
				ONLY_ACTIVE_ARCH = YES;
				SDKROOT = iphoneos;
				SWIFT_ACTIVE_COMPILATION_CONDITIONS = "DEBUG $(inherited)";
				SWIFT_OPTIMIZATION_LEVEL = "-Onone";
			};
			name = Debug;
		};
		B663562E2CB1CC7B004A2694 /* Release */ = {
			isa = XCBuildConfiguration;
			buildSettings = {
				ALWAYS_SEARCH_USER_PATHS = NO;
				ASSETCATALOG_COMPILER_GENERATE_SWIFT_ASSET_SYMBOL_EXTENSIONS = YES;
				CLANG_ANALYZER_NONNULL = YES;
				CLANG_ANALYZER_NUMBER_OBJECT_CONVERSION = YES_AGGRESSIVE;
				CLANG_CXX_LANGUAGE_STANDARD = "gnu++20";
				CLANG_ENABLE_MODULES = YES;
				CLANG_ENABLE_OBJC_ARC = YES;
				CLANG_ENABLE_OBJC_WEAK = YES;
				CLANG_WARN_BLOCK_CAPTURE_AUTORELEASING = YES;
				CLANG_WARN_BOOL_CONVERSION = YES;
				CLANG_WARN_COMMA = YES;
				CLANG_WARN_CONSTANT_CONVERSION = YES;
				CLANG_WARN_DEPRECATED_OBJC_IMPLEMENTATIONS = YES;
				CLANG_WARN_DIRECT_OBJC_ISA_USAGE = YES_ERROR;
				CLANG_WARN_DOCUMENTATION_COMMENTS = YES;
				CLANG_WARN_EMPTY_BODY = YES;
				CLANG_WARN_ENUM_CONVERSION = YES;
				CLANG_WARN_INFINITE_RECURSION = YES;
				CLANG_WARN_INT_CONVERSION = YES;
				CLANG_WARN_NON_LITERAL_NULL_CONVERSION = YES;
				CLANG_WARN_OBJC_IMPLICIT_RETAIN_SELF = YES;
				CLANG_WARN_OBJC_LITERAL_CONVERSION = YES;
				CLANG_WARN_OBJC_ROOT_CLASS = YES_ERROR;
				CLANG_WARN_QUOTED_INCLUDE_IN_FRAMEWORK_HEADER = YES;
				CLANG_WARN_RANGE_LOOP_ANALYSIS = YES;
				CLANG_WARN_STRICT_PROTOTYPES = YES;
				CLANG_WARN_SUSPICIOUS_MOVE = YES;
				CLANG_WARN_UNGUARDED_AVAILABILITY = YES_AGGRESSIVE;
				CLANG_WARN_UNREACHABLE_CODE = YES;
				CLANG_WARN__DUPLICATE_METHOD_MATCH = YES;
				COPY_PHASE_STRIP = NO;
				DEBUG_INFORMATION_FORMAT = "dwarf-with-dsym";
				ENABLE_NS_ASSERTIONS = NO;
				ENABLE_STRICT_OBJC_MSGSEND = YES;
				ENABLE_USER_SCRIPT_SANDBOXING = YES;
				GCC_C_LANGUAGE_STANDARD = gnu17;
				GCC_NO_COMMON_BLOCKS = YES;
				GCC_WARN_64_TO_32_BIT_CONVERSION = YES;
				GCC_WARN_ABOUT_RETURN_TYPE = YES_ERROR;
				GCC_WARN_UNDECLARED_SELECTOR = YES;
				GCC_WARN_UNINITIALIZED_AUTOS = YES_AGGRESSIVE;
				GCC_WARN_UNUSED_FUNCTION = YES;
				GCC_WARN_UNUSED_VARIABLE = YES;
				IPHONEOS_DEPLOYMENT_TARGET = 17.2;
				LOCALIZATION_PREFERS_STRING_CATALOGS = YES;
				MTL_ENABLE_DEBUG_INFO = NO;
				MTL_FAST_MATH = YES;
				SDKROOT = iphoneos;
				SWIFT_COMPILATION_MODE = wholemodule;
				VALIDATE_PRODUCT = YES;
			};
			name = Release;
		};
		B66356302CB1CC7B004A2694 /* Debug */ = {
			isa = XCBuildConfiguration;
			buildSettings = {
				ASSETCATALOG_COMPILER_APPICON_NAME = AppIcon;
				ASSETCATALOG_COMPILER_GLOBAL_ACCENT_COLOR_NAME = AccentColor;
				CODE_SIGN_STYLE = Automatic;
				CURRENT_PROJECT_VERSION = 1;
				DEVELOPMENT_ASSET_PATHS = "\"Todo List/Preview Content\"";
				ENABLE_PREVIEWS = YES;
				GENERATE_INFOPLIST_FILE = YES;
				INFOPLIST_KEY_UIApplicationSceneManifest_Generation = YES;
				INFOPLIST_KEY_UIApplicationSupportsIndirectInputEvents = YES;
				INFOPLIST_KEY_UILaunchScreen_Generation = YES;
				INFOPLIST_KEY_UILaunchStoryboardName = "Launch Screen.storyboard";
				INFOPLIST_KEY_UISupportedInterfaceOrientations_iPad = "UIInterfaceOrientationPortrait UIInterfaceOrientationPortraitUpsideDown UIInterfaceOrientationLandscapeLeft UIInterfaceOrientationLandscapeRight";
				INFOPLIST_KEY_UISupportedInterfaceOrientations_iPhone = "UIInterfaceOrientationPortrait UIInterfaceOrientationLandscapeLeft UIInterfaceOrientationLandscapeRight";
				LD_RUNPATH_SEARCH_PATHS = (
					"$(inherited)",
					"@executable_path/Frameworks",
				);
				MARKETING_VERSION = 1.0;
				PRODUCT_BUNDLE_IDENTIFIER = "com.markus.Todo-List";
				PRODUCT_NAME = "$(TARGET_NAME)";
				SWIFT_EMIT_LOC_STRINGS = YES;
				SWIFT_VERSION = 5.0;
				TARGETED_DEVICE_FAMILY = "1,2";
			};
			name = Debug;
		};
		B66356312CB1CC7B004A2694 /* Release */ = {
			isa = XCBuildConfiguration;
			buildSettings = {
				ASSETCATALOG_COMPILER_APPICON_NAME = AppIcon;
				ASSETCATALOG_COMPILER_GLOBAL_ACCENT_COLOR_NAME = AccentColor;
				CODE_SIGN_STYLE = Automatic;
				CURRENT_PROJECT_VERSION = 1;
				DEVELOPMENT_ASSET_PATHS = "\"Todo List/Preview Content\"";
				ENABLE_PREVIEWS = YES;
				GENERATE_INFOPLIST_FILE = YES;
				INFOPLIST_KEY_UIApplicationSceneManifest_Generation = YES;
				INFOPLIST_KEY_UIApplicationSupportsIndirectInputEvents = YES;
				INFOPLIST_KEY_UILaunchScreen_Generation = YES;
				INFOPLIST_KEY_UILaunchStoryboardName = "Launch Screen.storyboard";
				INFOPLIST_KEY_UISupportedInterfaceOrientations_iPad = "UIInterfaceOrientationPortrait UIInterfaceOrientationPortraitUpsideDown UIInterfaceOrientationLandscapeLeft UIInterfaceOrientationLandscapeRight";
				INFOPLIST_KEY_UISupportedInterfaceOrientations_iPhone = "UIInterfaceOrientationPortrait UIInterfaceOrientationLandscapeLeft UIInterfaceOrientationLandscapeRight";
				LD_RUNPATH_SEARCH_PATHS = (
					"$(inherited)",
					"@executable_path/Frameworks",
				);
				MARKETING_VERSION = 1.0;
				PRODUCT_BUNDLE_IDENTIFIER = "com.markus.Todo-List";
				PRODUCT_NAME = "$(TARGET_NAME)";
				SWIFT_EMIT_LOC_STRINGS = YES;
				SWIFT_VERSION = 5.0;
				TARGETED_DEVICE_FAMILY = "1,2";
			};
			name = Release;
		};
/* End XCBuildConfiguration section */

/* Begin XCConfigurationList section */
		B663561C2CB1CC79004A2694 /* Build configuration list for PBXProject "Todo List" */ = {
			isa = XCConfigurationList;
			buildConfigurations = (
				B663562D2CB1CC7B004A2694 /* Debug */,
				B663562E2CB1CC7B004A2694 /* Release */,
			);
			defaultConfigurationIsVisible = 0;
			defaultConfigurationName = Release;
		};
		B663562F2CB1CC7B004A2694 /* Build configuration list for PBXNativeTarget "Todo List" */ = {
			isa = XCConfigurationList;
			buildConfigurations = (
				B66356302CB1CC7B004A2694 /* Debug */,
				B66356312CB1CC7B004A2694 /* Release */,
			);
			defaultConfigurationIsVisible = 0;
			defaultConfigurationName = Release;
		};
/* End XCConfigurationList section */
	};
	rootObject = B66356192CB1CC79004A2694 /* Project object */;
}
